// !$*UTF8*$!
{
	archiveVersion = 1;
	classes = {
	};
	objectVersion = 45;
	objects = {

/* Begin PBXBuildFile section */
		1D60589F0D05DD5A006BFB54 /* Foundation.framework in Frameworks */ = {isa = PBXBuildFile; fileRef = 1D30AB110D05D00D00671497 /* Foundation.framework */; };
		1DF5F4E00D08C38300B7A737 /* UIKit.framework in Frameworks */ = {isa = PBXBuildFile; fileRef = 1DF5F4DF0D08C38300B7A737 /* UIKit.framework */; };
		288765A50DF7441C002DB57D /* CoreGraphics.framework in Frameworks */ = {isa = PBXBuildFile; fileRef = 288765A40DF7441C002DB57D /* CoreGraphics.framework */; };
		45F5DCB21322B42E00AB1D52 /* FakeSplitViewAppDelegate.m in Sources */ = {isa = PBXBuildFile; fileRef = 45F5DCAD1322B42E00AB1D52 /* FakeSplitViewAppDelegate.m */; };
		45F5DCB31322B42E00AB1D52 /* main.m in Sources */ = {isa = PBXBuildFile; fileRef = 45F5DCAE1322B42E00AB1D52 /* main.m */; };
		45F5DCB41322B42E00AB1D52 /* MainWindow.xib in Resources */ = {isa = PBXBuildFile; fileRef = 45F5DCAF1322B42E00AB1D52 /* MainWindow.xib */; };
		45F5DCB51322B42E00AB1D52 /* sts.jpg in Resources */ = {isa = PBXBuildFile; fileRef = 45F5DCB01322B42E00AB1D52 /* sts.jpg */; };
		45F5DCBD1322B43A00AB1D52 /* CFakeSplitViewController.m in Sources */ = {isa = PBXBuildFile; fileRef = 45F5DCB81322B43A00AB1D52 /* CFakeSplitViewController.m */; };
		45F5DCBE1322B43A00AB1D52 /* ViewControllerCorner_BottomLeft.png in Resources */ = {isa = PBXBuildFile; fileRef = 45F5DCB91322B43A00AB1D52 /* ViewControllerCorner_BottomLeft.png */; };
		45F5DCBF1322B43A00AB1D52 /* ViewControllerCorner_BottomRight.png in Resources */ = {isa = PBXBuildFile; fileRef = 45F5DCBA1322B43A00AB1D52 /* ViewControllerCorner_BottomRight.png */; };
		45F5DCC01322B43A00AB1D52 /* ViewControllerCorner_TopLeft.png in Resources */ = {isa = PBXBuildFile; fileRef = 45F5DCBB1322B43A00AB1D52 /* ViewControllerCorner_TopLeft.png */; };
		45F5DCC11322B43A00AB1D52 /* ViewControllerCorner_TopRight.png in Resources */ = {isa = PBXBuildFile; fileRef = 45F5DCBC1322B43A00AB1D52 /* ViewControllerCorner_TopRight.png */; };
/* End PBXBuildFile section */

/* Begin PBXFileReference section */
		1D30AB110D05D00D00671497 /* Foundation.framework */ = {isa = PBXFileReference; lastKnownFileType = wrapper.framework; name = Foundation.framework; path = System/Library/Frameworks/Foundation.framework; sourceTree = SDKROOT; };
		1D6058910D05DD3D006BFB54 /* FakeSplitView.app */ = {isa = PBXFileReference; explicitFileType = wrapper.application; includeInIndex = 0; path = FakeSplitView.app; sourceTree = BUILT_PRODUCTS_DIR; };
		1DF5F4DF0D08C38300B7A737 /* UIKit.framework */ = {isa = PBXFileReference; lastKnownFileType = wrapper.framework; name = UIKit.framework; path = System/Library/Frameworks/UIKit.framework; sourceTree = SDKROOT; };
		288765A40DF7441C002DB57D /* CoreGraphics.framework */ = {isa = PBXFileReference; lastKnownFileType = wrapper.framework; name = CoreGraphics.framework; path = System/Library/Frameworks/CoreGraphics.framework; sourceTree = SDKROOT; };
		45F5DCA71322B42E00AB1D52 /* FakeSplitView-Info.plist */ = {isa = PBXFileReference; fileEncoding = 4; lastKnownFileType = text.plist.xml; path = "FakeSplitView-Info.plist"; sourceTree = "<group>"; };
		45F5DCAB1322B42E00AB1D52 /* FakeSplitView_Prefix.pch */ = {isa = PBXFileReference; fileEncoding = 4; lastKnownFileType = sourcecode.c.h; path = FakeSplitView_Prefix.pch; sourceTree = "<group>"; };
		45F5DCAC1322B42E00AB1D52 /* FakeSplitViewAppDelegate.h */ = {isa = PBXFileReference; fileEncoding = 4; lastKnownFileType = sourcecode.c.h; path = FakeSplitViewAppDelegate.h; sourceTree = "<group>"; };
		45F5DCAD1322B42E00AB1D52 /* FakeSplitViewAppDelegate.m */ = {isa = PBXFileReference; fileEncoding = 4; lastKnownFileType = sourcecode.c.objc; path = FakeSplitViewAppDelegate.m; sourceTree = "<group>"; };
		45F5DCAE1322B42E00AB1D52 /* main.m */ = {isa = PBXFileReference; fileEncoding = 4; lastKnownFileType = sourcecode.c.objc; path = main.m; sourceTree = "<group>"; };
		45F5DCAF1322B42E00AB1D52 /* MainWindow.xib */ = {isa = PBXFileReference; fileEncoding = 4; lastKnownFileType = file.xib; path = MainWindow.xib; sourceTree = "<group>"; };
		45F5DCB01322B42E00AB1D52 /* sts.jpg */ = {isa = PBXFileReference; lastKnownFileType = image.jpeg; path = sts.jpg; sourceTree = "<group>"; };
		45F5DCB71322B43A00AB1D52 /* CFakeSplitViewController.h */ = {isa = PBXFileReference; fileEncoding = 4; lastKnownFileType = sourcecode.c.h; path = CFakeSplitViewController.h; sourceTree = "<group>"; };
		45F5DCB81322B43A00AB1D52 /* CFakeSplitViewController.m */ = {isa = PBXFileReference; fileEncoding = 4; lastKnownFileType = sourcecode.c.objc; path = CFakeSplitViewController.m; sourceTree = "<group>"; };
		45F5DCB91322B43A00AB1D52 /* ViewControllerCorner_BottomLeft.png */ = {isa = PBXFileReference; lastKnownFileType = image.png; path = ViewControllerCorner_BottomLeft.png; sourceTree = "<group>"; };
		45F5DCBA1322B43A00AB1D52 /* ViewControllerCorner_BottomRight.png */ = {isa = PBXFileReference; lastKnownFileType = image.png; path = ViewControllerCorner_BottomRight.png; sourceTree = "<group>"; };
		45F5DCBB1322B43A00AB1D52 /* ViewControllerCorner_TopLeft.png */ = {isa = PBXFileReference; lastKnownFileType = image.png; path = ViewControllerCorner_TopLeft.png; sourceTree = "<group>"; };
		45F5DCBC1322B43A00AB1D52 /* ViewControllerCorner_TopRight.png */ = {isa = PBXFileReference; lastKnownFileType = image.png; path = ViewControllerCorner_TopRight.png; sourceTree = "<group>"; };
/* End PBXFileReference section */

/* Begin PBXFrameworksBuildPhase section */
		1D60588F0D05DD3D006BFB54 /* Frameworks */ = {
			isa = PBXFrameworksBuildPhase;
			buildActionMask = 2147483647;
			files = (
				1D60589F0D05DD5A006BFB54 /* Foundation.framework in Frameworks */,
				1DF5F4E00D08C38300B7A737 /* UIKit.framework in Frameworks */,
				288765A50DF7441C002DB57D /* CoreGraphics.framework in Frameworks */,
			);
			runOnlyForDeploymentPostprocessing = 0;
		};
/* End PBXFrameworksBuildPhase section */

/* Begin PBXGroup section */
		19C28FACFE9D520D11CA2CBB /* Products */ = {
			isa = PBXGroup;
			children = (
				1D6058910D05DD3D006BFB54 /* FakeSplitView.app */,
			);
			name = Products;
			sourceTree = "<group>";
		};
		29B97314FDCFA39411CA2CEA /* CustomTemplate */ = {
			isa = PBXGroup;
			children = (
				45F5DCA61322B42E00AB1D52 /* Demo */,
				45F5DCB61322B43A00AB1D52 /* Source */,
				29B97323FDCFA39411CA2CEA /* Frameworks */,
				19C28FACFE9D520D11CA2CBB /* Products */,
			);
			name = CustomTemplate;
			sourceTree = "<group>";
		};
		29B97323FDCFA39411CA2CEA /* Frameworks */ = {
			isa = PBXGroup;
			children = (
				1DF5F4DF0D08C38300B7A737 /* UIKit.framework */,
				1D30AB110D05D00D00671497 /* Foundation.framework */,
				288765A40DF7441C002DB57D /* CoreGraphics.framework */,
			);
			name = Frameworks;
			sourceTree = "<group>";
		};
		45F5DCA61322B42E00AB1D52 /* Demo */ = {
			isa = PBXGroup;
			children = (
				45F5DCA71322B42E00AB1D52 /* FakeSplitView-Info.plist */,
				45F5DCAB1322B42E00AB1D52 /* FakeSplitView_Prefix.pch */,
				45F5DCAC1322B42E00AB1D52 /* FakeSplitViewAppDelegate.h */,
				45F5DCAD1322B42E00AB1D52 /* FakeSplitViewAppDelegate.m */,
				45F5DCAE1322B42E00AB1D52 /* main.m */,
				45F5DCAF1322B42E00AB1D52 /* MainWindow.xib */,
				45F5DCB01322B42E00AB1D52 /* sts.jpg */,
			);
			name = Demo;
			sourceTree = "<group>";
		};
		45F5DCB61322B43A00AB1D52 /* Source */ = {
			isa = PBXGroup;
			children = (
				45F5DCB71322B43A00AB1D52 /* CFakeSplitViewController.h */,
				45F5DCB81322B43A00AB1D52 /* CFakeSplitViewController.m */,
				45F5DCB91322B43A00AB1D52 /* ViewControllerCorner_BottomLeft.png */,
				45F5DCBA1322B43A00AB1D52 /* ViewControllerCorner_BottomRight.png */,
				45F5DCBB1322B43A00AB1D52 /* ViewControllerCorner_TopLeft.png */,
				45F5DCBC1322B43A00AB1D52 /* ViewControllerCorner_TopRight.png */,
			);
			name = Source;
			path = ../Source;
			sourceTree = "<group>";
		};
/* End PBXGroup section */

/* Begin PBXNativeTarget section */
		1D6058900D05DD3D006BFB54 /* FakeSplitView */ = {
			isa = PBXNativeTarget;
			buildConfigurationList = 1D6058960D05DD3E006BFB54 /* Build configuration list for PBXNativeTarget "FakeSplitView" */;
			buildPhases = (
				1D60588D0D05DD3D006BFB54 /* Resources */,
				1D60588E0D05DD3D006BFB54 /* Sources */,
				1D60588F0D05DD3D006BFB54 /* Frameworks */,
			);
			buildRules = (
			);
			dependencies = (
			);
			name = FakeSplitView;
			productName = FakeSplitView;
			productReference = 1D6058910D05DD3D006BFB54 /* FakeSplitView.app */;
			productType = "com.apple.product-type.application";
		};
/* End PBXNativeTarget section */

/* Begin PBXProject section */
		29B97313FDCFA39411CA2CEA /* Project object */ = {
			isa = PBXProject;
			buildConfigurationList = C01FCF4E08A954540054247B /* Build configuration list for PBXProject "FakeSplitView" */;
			compatibilityVersion = "Xcode 3.1";
			developmentRegion = English;
			hasScannedForEncodings = 1;
			knownRegions = (
				en,
			);
			mainGroup = 29B97314FDCFA39411CA2CEA /* CustomTemplate */;
			projectDirPath = "";
			projectRoot = "";
			targets = (
				1D6058900D05DD3D006BFB54 /* FakeSplitView */,
			);
		};
/* End PBXProject section */

/* Begin PBXResourcesBuildPhase section */
		1D60588D0D05DD3D006BFB54 /* Resources */ = {
			isa = PBXResourcesBuildPhase;
			buildActionMask = 2147483647;
			files = (
				45F5DCB41322B42E00AB1D52 /* MainWindow.xib in Resources */,
				45F5DCB51322B42E00AB1D52 /* sts.jpg in Resources */,
				45F5DCBE1322B43A00AB1D52 /* ViewControllerCorner_BottomLeft.png in Resources */,
				45F5DCBF1322B43A00AB1D52 /* ViewControllerCorner_BottomRight.png in Resources */,
				45F5DCC01322B43A00AB1D52 /* ViewControllerCorner_TopLeft.png in Resources */,
				45F5DCC11322B43A00AB1D52 /* ViewControllerCorner_TopRight.png in Resources */,
			);
			runOnlyForDeploymentPostprocessing = 0;
		};
/* End PBXResourcesBuildPhase section */

/* Begin PBXSourcesBuildPhase section */
		1D60588E0D05DD3D006BFB54 /* Sources */ = {
			isa = PBXSourcesBuildPhase;
			buildActionMask = 2147483647;
			files = (
				45F5DCB21322B42E00AB1D52 /* FakeSplitViewAppDelegate.m in Sources */,
				45F5DCB31322B42E00AB1D52 /* main.m in Sources */,
				45F5DCBD1322B43A00AB1D52 /* CFakeSplitViewController.m in Sources */,
			);
			runOnlyForDeploymentPostprocessing = 0;
		};
/* End PBXSourcesBuildPhase section */

/* Begin XCBuildConfiguration section */
		1D6058940D05DD3E006BFB54 /* Debug */ = {
			isa = XCBuildConfiguration;
			buildSettings = {
				ALWAYS_SEARCH_USER_PATHS = NO;
				COPY_PHASE_STRIP = NO;
				GCC_DYNAMIC_NO_PIC = NO;
				GCC_OPTIMIZATION_LEVEL = 0;
				GCC_PRECOMPILE_PREFIX_HEADER = YES;
				GCC_PREFIX_HEADER = FakeSplitView_Prefix.pch;
				INFOPLIST_FILE = "FakeSplitView-Info.plist";
				PRODUCT_NAME = FakeSplitView;
			};
			name = Debug;
		};
		1D6058950D05DD3E006BFB54 /* Release */ = {
			isa = XCBuildConfiguration;
			buildSettings = {
				ALWAYS_SEARCH_USER_PATHS = NO;
				COPY_PHASE_STRIP = YES;
				GCC_PRECOMPILE_PREFIX_HEADER = YES;
				GCC_PREFIX_HEADER = FakeSplitView_Prefix.pch;
				INFOPLIST_FILE = "FakeSplitView-Info.plist";
				PRODUCT_NAME = FakeSplitView;
				VALIDATE_PRODUCT = YES;
			};
			name = Release;
		};
		C01FCF4F08A954540054247B /* Debug */ = {
			isa = XCBuildConfiguration;
			buildSettings = {
				"ARCHS[sdk=iphoneos*]" = armv7;
				"ARCHS[sdk=iphonesimulator*]" = i386;
				"CODE_SIGN_IDENTITY[sdk=iphoneos*]" = "iPhone Developer";
				GCC_C_LANGUAGE_STANDARD = c99;
				GCC_WARN_ABOUT_RETURN_TYPE = YES;
				GCC_WARN_UNUSED_VARIABLE = YES;
				PREBINDING = NO;
				SDKROOT = iphoneos;
				TARGETED_DEVICE_FAMILY = 2;
			};
			name = Debug;
		};
		C01FCF5008A954540054247B /* Release */ = {
			isa = XCBuildConfiguration;
			buildSettings = {
				"ARCHS[sdk=iphoneos*]" = armv7;
				"ARCHS[sdk=iphonesimulator*]" = i386;
				"CODE_SIGN_IDENTITY[sdk=iphoneos*]" = "iPhone Developer";
				GCC_C_LANGUAGE_STANDARD = c99;
				GCC_WARN_ABOUT_RETURN_TYPE = YES;
				GCC_WARN_UNUSED_VARIABLE = YES;
				OTHER_CFLAGS = "-DNS_BLOCK_ASSERTIONS=1";
				PREBINDING = NO;
				SDKROOT = iphoneos;
				TARGETED_DEVICE_FAMILY = 2;
			};
			name = Release;
		};
/* End XCBuildConfiguration section */

/* Begin XCConfigurationList section */
		1D6058960D05DD3E006BFB54 /* Build configuration list for PBXNativeTarget "FakeSplitView" */ = {
			isa = XCConfigurationList;
			buildConfigurations = (
				1D6058940D05DD3E006BFB54 /* Debug */,
				1D6058950D05DD3E006BFB54 /* Release */,
			);
			defaultConfigurationIsVisible = 0;
			defaultConfigurationName = Release;
		};
		C01FCF4E08A954540054247B /* Build configuration list for PBXProject "FakeSplitView" */ = {
			isa = XCConfigurationList;
			buildConfigurations = (
				C01FCF4F08A954540054247B /* Debug */,
				C01FCF5008A954540054247B /* Release */,
			);
			defaultConfigurationIsVisible = 0;
			defaultConfigurationName = Release;
		};
/* End XCConfigurationList section */
	};
	rootObject = 29B97313FDCFA39411CA2CEA /* Project object */;
}
